{
  "version": 4,
  "terraform_version": "1.12.2",
  "serial": 22,
  "lineage": "3bf2beb2-6132-b353-da6e-687ebe0aa093",
  "outputs": {
    "private_key_path": {
      "value": "/home/ec2-user/.ssh/devops-keypem-ansible.pem",
      "type": "string"
    }
  },
  "resources": [
    {
      "mode": "managed",
      "type": "aws_key_pair",
      "name": "generated_key",
      "provider": "provider[\"registry.terraform.io/hashicorp/aws\"]",
      "instances": [
        {
          "schema_version": 1,
          "attributes": {
            "arn": "arn:aws:ec2:us-east-1:723622210284:key-pair/devops-keypem-ansible",
            "fingerprint": "be:31:29:78:9d:f1:ec:1c:f9:b2:96:ab:19:64:64:ef",
            "id": "devops-keypem-ansible",
            "key_name": "devops-keypem-ansible",
            "key_name_prefix": "",
            "key_pair_id": "key-074fb17d7bf118fa1",
            "key_type": "rsa",
            "public_key": "ssh-rsa AAAAB3NzaC1yc2EAAAADAQABAAACAQCy2LrWFqw5YNAVOuLoK0zBSwZJnol24U6sJYLnhBrRiVTSmwuSdEW6Wt9fUarRPRxFKL19hHqb2VrcMvKmarPkmKUJSEoAVf352QNi3eo7zfwveu8LhjGjBRHpov4zvcpiffNwQEYU1ovxE6WkdBqO9bYXyQGBoX3opfoywz2VjeeA3C+o+IE0iIzB1rzxkE2uwgLCZqTDGX8Z3EhwxjlM9WaLHNoAZOjfKQoqCR9LIPgUqpYtC2lYwhi6NAAwaElAtZ8FuRuKbhXAHLJVp0P9C1JMbkrG+1MShe8vG8LjE29AKk+yXere9uAZoz9Hpc98vAiEhFpjU7+xslmpHJugsXiJkPZ5NAT75697P6GW1RVgfbUVmy5q+yyNGekwC8yp5xg1iFfggwNovujMqgjapAiFN7lzWdPsQLjxlJW7CxNfk6q7FDEqSQwluZMUsPML9MevmhehHr5+r32OhXfZih9NOjTy7yy6rKMCD3/UIplFPDnQHQt0vlbbfN9Y8aWSo3uPq3B/EIomLoMSWyiH99sF/ghLHKF3mDF0w1kfvGcl/p4K10y66Bh+mZ6LksQhGRum4FDJa6PJYkBe0aWRUWtnyMG1hNgXWmZWiX0xmTZxFPzZgpBFRl1lW4vhJMV0X9hS48G4Ou2YhsBqGXa5w8TSXQi/Tt0rWX6UHvc64w==",
            "region": "us-east-1",
            "tags": {},
            "tags_all": {}
          },
          "sensitive_attributes": [],
          "identity_schema_version": 0,
          "private": "eyJzY2hlbWFfdmVyc2lvbiI6IjEifQ==",
          "dependencies": [
            "tls_private_key.ssh_key"
          ]
        }
      ]
    },
    {
      "mode": "managed",
      "type": "aws_security_group",
      "name": "ec2_sg",
      "provider": "provider[\"registry.terraform.io/hashicorp/aws\"]",
      "instances": [
        {
          "schema_version": 1,
          "attributes": {
            "arn": "arn:aws:ec2:us-east-1:723622210284:security-group/sg-0fd3680b06b7bb5eb",
            "description": "Managed by Terraform",
            "egress": [
              {
                "cidr_blocks": [
                  "0.0.0.0/0"
                ],
                "description": "",
                "from_port": 0,
                "ipv6_cidr_blocks": [],
                "prefix_list_ids": [],
                "protocol": "-1",
                "security_groups": [],
                "self": false,
                "to_port": 0
              }
            ],
            "id": "sg-0fd3680b06b7bb5eb",
            "ingress": [
              {
                "cidr_blocks": [
                  "0.0.0.0/0"
                ],
                "description": "Kubernetes API Server",
                "from_port": 6443,
                "ipv6_cidr_blocks": [],
                "prefix_list_ids": [],
                "protocol": "tcp",
                "security_groups": [],
                "self": false,
                "to_port": 6443
              },
              {
                "cidr_blocks": [
                  "0.0.0.0/0"
                ],
                "description": "NodePort Services",
                "from_port": 30000,
                "ipv6_cidr_blocks": [],
                "prefix_list_ids": [],
                "protocol": "tcp",
                "security_groups": [],
                "self": false,
                "to_port": 32767
              },
              {
                "cidr_blocks": [
                  "0.0.0.0/0"
                ],
                "description": "SSH Access",
                "from_port": 22,
                "ipv6_cidr_blocks": [],
                "prefix_list_ids": [],
                "protocol": "tcp",
                "security_groups": [],
                "self": false,
                "to_port": 22
              },
              {
                "cidr_blocks": [],
                "description": "Flannel VXLAN UDP port",
                "from_port": 8285,
                "ipv6_cidr_blocks": [],
                "prefix_list_ids": [],
                "protocol": "udp",
                "security_groups": [],
                "self": true,
                "to_port": 8285
              },
              {
                "cidr_blocks": [],
                "description": "Flannel VXLAN alternative port UDP",
                "from_port": 8472,
                "ipv6_cidr_blocks": [],
                "prefix_list_ids": [],
                "protocol": "udp",
                "security_groups": [],
                "self": true,
                "to_port": 8472
              },
              {
                "cidr_blocks": [],
                "description": "Kubelet API",
                "from_port": 10250,
                "ipv6_cidr_blocks": [],
                "prefix_list_ids": [],
                "protocol": "tcp",
                "security_groups": [],
                "self": true,
                "to_port": 10250
              },
              {
                "cidr_blocks": [],
                "description": "etcd server client API",
                "from_port": 2379,
                "ipv6_cidr_blocks": [],
                "prefix_list_ids": [],
                "protocol": "tcp",
                "security_groups": [],
                "self": true,
                "to_port": 2380
              },
              {
                "cidr_blocks": [],
                "description": "kube-controller-manager",
                "from_port": 10252,
                "ipv6_cidr_blocks": [],
                "prefix_list_ids": [],
                "protocol": "tcp",
                "security_groups": [],
                "self": true,
                "to_port": 10252
              },
              {
                "cidr_blocks": [],
                "description": "kube-proxy health check",
                "from_port": 10256,
                "ipv6_cidr_blocks": [],
                "prefix_list_ids": [],
                "protocol": "tcp",
                "security_groups": [],
                "self": true,
                "to_port": 10256
              },
              {
                "cidr_blocks": [],
                "description": "kube-scheduler",
                "from_port": 10251,
                "ipv6_cidr_blocks": [],
                "prefix_list_ids": [],
                "protocol": "tcp",
                "security_groups": [],
                "self": true,
                "to_port": 10251
              }
            ],
            "name": "K8S-CLUSTER-sg",
            "name_prefix": "",
            "owner_id": "723622210284",
            "region": "us-east-1",
            "revoke_rules_on_delete": false,
            "tags": {
              "Name": "K8S-CLUSTER-sg"
            },
            "tags_all": {
              "Name": "K8S-CLUSTER-sg"
            },
            "timeouts": null,
            "vpc_id": "vpc-00330a0d45e3f1886"
          },
          "sensitive_attributes": [],
          "identity_schema_version": 0,
          "private": "eyJlMmJmYjczMC1lY2FhLTExZTYtOGY4OC0zNDM2M2JjN2M0YzAiOnsiY3JlYXRlIjo2MDAwMDAwMDAwMDAsImRlbGV0ZSI6OTAwMDAwMDAwMDAwfSwic2NoZW1hX3ZlcnNpb24iOiIxIn0="
        }
      ]
    },
    {
      "mode": "managed",
      "type": "local_file",
      "name": "ansible_inventory",
      "provider": "provider[\"registry.terraform.io/hashicorp/local\"]",
      "instances": [
        {
          "schema_version": 0,
          "attributes": {
            "content": "[masters]\nmaster ansible_host=13.219.93.106 ansible_user=ubuntu ansible_ssh_private_key_file=~/.ssh/devops-keypem-ansible.pem ansible_ssh_common_args='-o StrictHostKeyChecking=no'\n\n[workers]\nworker1 ansible_host=44.201.157.223 ansible_user=ubuntu ansible_ssh_private_key_file=~/.ssh/devops-keypem-ansible.pem ansible_ssh_common_args='-o StrictHostKeyChecking=no'\nworker2 ansible_host=52.87.208.28 ansible_user=ubuntu ansible_ssh_private_key_file=~/.ssh/devops-keypem-ansible.pem ansible_ssh_common_args='-o StrictHostKeyChecking=no'\n\n",
            "content_base64": null,
            "content_base64sha256": "QCKZAvAkQvi96Lh8PnbIj9bW7NhSrtvpnZZ8OlT0qUw=",
            "content_base64sha512": "291wLCjv2d8xODCVAM1UrQ08DD/N695bXONoYVg1gHv5GFDWFUnDDw0uN7u1OWfzb1ZpQpemBlbdruoBQ0AbNA==",
            "content_md5": "4593e5169a7a840a6a6f78020b88a901",
            "content_sha1": "c6a69846106f0bcff0d4c6f8bc5650bdc17e99f0",
            "content_sha256": "40229902f02442f8bde8b87c3e76c88fd6d6ecd852aedbe99d967c3a54f4a94c",
            "content_sha512": "dbdd702c28efd9df3138309500cd54ad0d3c0c3fcdebde5b5ce368615835807bf91850d61549c30f0d2e37bbb53967f36f56694297a60656ddaeea0143401b34",
            "directory_permission": "0777",
            "file_permission": "0777",
            "filename": "./ansible/inventory.generated.ini",
            "id": "c6a69846106f0bcff0d4c6f8bc5650bdc17e99f0",
            "sensitive_content": null,
            "source": null
          },
          "sensitive_attributes": [
            [
              {
                "type": "get_attr",
                "value": "sensitive_content"
              }
            ]
          ],
          "identity_schema_version": 0,
          "dependencies": [
            "aws_key_pair.generated_key",
            "aws_security_group.ec2_sg",
            "module.master.aws_iam_instance_profile.this",
            "module.master.aws_iam_role.ec2_instance_role",
            "module.master.aws_iam_role_policy_attachment.ec2_attach_policy",
            "module.master.aws_instance.this",
            "module.worker_1.aws_iam_instance_profile.this",
            "module.worker_1.aws_iam_role.ec2_instance_role",
            "module.worker_1.aws_iam_role_policy_attachment.ec2_attach_policy",
            "module.worker_1.aws_instance.this",
            "module.worker_2.aws_iam_instance_profile.this",
            "module.worker_2.aws_iam_role.ec2_instance_role",
            "module.worker_2.aws_instance.this",
            "tls_private_key.ssh_key"
          ]
        }
      ]
    },
    {
      "mode": "managed",
      "type": "local_file",
      "name": "private_key_pem",
      "provider": "provider[\"registry.terraform.io/hashicorp/local\"]",
      "instances": [
        {
          "schema_version": 0,
          "attributes": {
            "content": "-----BEGIN RSA PRIVATE KEY-----\nMIIJKgIBAAKCAgEAsti61hasOWDQFTri6CtMwUsGSZ6JduFOrCWC54Qa0YlU0psL\nknRFulrfX1Gq0T0cRSi9fYR6m9la3DLypmqz5JilCUhKAFX9+dkDYt3qO838L3rv\nC4YxowUR6aL+M73KYn3zcEBGFNaL8ROlpHQajvW2F8kBgaF96KX6MsM9lY3ngNwv\nqPiBNIiMwda88ZBNrsICwmakwxl/GdxIcMY5TPVmixzaAGTo3ykKKgkfSyD4FKqW\nLQtpWMIYujQAMGhJQLWfBbkbim4VwByyVadD/QtSTG5KxvtTEoXvLxvC4xNvQCpP\nsl3q3vbgGaM/R6XPfLwIhIRaY1O/sbJZqRyboLF4iZD2eTQE++evez+hltUVYH21\nFZsuavssjRnpMAvMqecYNYhX4IMDaL7ozKoI2qQIhTe5c1nT7EC48ZSVuwsTX5Oq\nuxQxKkkMJbmTFLDzC/THr5oXoR6+fq99joV32YofTTo08u8suqyjAg9/1CKZRTw5\n0B0LdL5W23zfWPGlkqN7j6twfxCKJi6DElsoh/fbBf4ISxyhd5gxdMNZH7xnJf6e\nCtdMuugYfpmei5LEIRkbpuBQyWujyWJAXtGlkVFrZ8jBtYTYF1pmVol9MZk2cRT8\n2YKQRUZdZVuL4STFdF/YUuPBuDrtmIbAahl2ucPE0l0Iv07dK1l+lB73OuMCAwEA\nAQKCAgBPoQ7C/pJM882B/leEDq9ciqZwhd1nqFZqcEMyCJAWRmKVaMIEwa9AE3DM\nFGUNR3u8UTDZX3BlzqdVTnvaW7zf5ZTppp2IO8FaimSnEu5VFVgY3c/sHiIglsPM\ndi1fZTvkkXafvoZVhdcGDfzc1XLzvvQF8BGzIW+Zc7kL/AECAw4VwjOYNJj2hmvB\nbHZwyZLE4g3vd1sZoNMF9R3t1Fwz5zlya/SmY0eKANBNOgWMYlACh5dY0/FiOv1e\nfoOtCem/nX4BwtK/1lbp0/0VBOXRF0bbz+mMYd8xap+9pksl5oPMmmoknQtTnbDW\nyWgF4w4YV/Ik6ncCLYo2uJWSJbImYXbMuF5QoRk5rB/qyZBz60Hk8cDyd5DXh8IX\nKfDlLO5Daxv7SPqYia4ublFCpkrxqq7maRdHY6i+8EKjNX83M6HfbmvA/tINBS05\nB85WcSF5p4Z4SC+6fg8k+4LuHkyltwbWBj/mwwVF7xcWO5YhvnzUPldLE3H0P73c\n7DjbnCC83nHMv88VyihpUEhHGdwFj8Sg+JZBBUUHoI576OJpv/KKDxHQjJvgB0BF\nsf+2Az9I8DoExs2itb6gCewGET1ES3sg/vYO3hhynDW60zVE/hi8YelXhl+QllPY\nAw/Qg3Re94F/5VaM8cEBO2SPccWJp9tBOKbyPZNI1kFdTOSquQKCAQEA5t4HM2wt\npbwek/2I0Tnu0EGTGObtTcLmGz/o1n9NHOnLkabS5CJwhmu0003rx+2LmpBquHXa\nBUTVm474Rl8EIk/tR4Q9rrI1tibWZZF/QiwAUEwzl+eJOkysRU5oMkijOL8W2Pj2\nEpZa8PJFTYMndRqczqn1SDIAaseHAbFGgSRTf/uyl80SAOeEaYp0eum8vzLMwXtL\nWEchsZqghEkEqCxN+zLpMuXKfjLVQbXiwkVzDei8nQkkyyyJNprvvQzr4HV+t9cF\numONX0VeSgoSnPqeWagj5HeUmL/Od1ufj6AKX+fbng0HsGCO0aLD5em3ZgtQFI5M\noscWX7rz/waI6wKCAQEAxlDz0ewA0kQD005cu6APVehDpKZBLc/AwYCAuzQYsEa1\ns5BFyDYA0EkcW4UKwxRCf7TC20Nv0w9JhXlk7jr0YoyT6yI+iiVZ0MRmRAE/h4cV\n83wUCzTqxNMSyrDo6PJIF0z2oMVmMKO38OHyvzzewAuTpZ91dV16OYdQbVruaYAw\ngfN+Zhzywmb9y4mDS8zeewMd+L6W0P/GNO8BWLexHLYJxkLTbvXXbj3cGm0uBQE1\nBmVZKJ5d6ktgm/qR51ha95HZ8K3IuAGzBWCcXaWBFb1wmM95e80HmtUkrD4oI0G9\nQmEy9eZugIYE+IbztL3wQA3fQ2ALshQEP8BSZUaX6QKCAQEAv/kgQ8JQsuAbDTRl\n8JUb4FCm4K4l5eOLNF2QX8y7cq92d0chVlLM/vnRA2RoC3eb/orYM0rMYFU8yn24\nNcwMw/tyc2WjZQELaMwiu5KhH4U3PY4f2NDPa4sWNQtd2XJNR4KenQ1okUw1kuXi\nevH0fYwDmFX7gG0Tq7b+rImc9wYd6O6DM3dy4Q2jLZ/T++Eg8lxrpve/T0jW27iY\ngWe2V6F/tsI+5/PszcO3UUzNon3djlNZg7t2vPvrnVx4vdtgyOTq2jQSr0rY47/r\nB+YYVDCSPDt0nSZSijH0nYuywttxxQ4nsOVk32VrXSbbfvM5bcE6dd1eHH0wPapX\n+liUwQKCAQEAkno8fLLKMIQYJzzb9aFVcmhpffVmcwXeI45chukFyz2O+5/2StjI\nZQ97KIXt2wTd0SGcQwNeVxAVh8aQK/3Tf+7BWo0ikDriSfamalhZqiq2pe7hhx2A\nwfv9B0T/4v8BDGTGTR1AS3DBbeQVvfahuEtUtKJAyX1Px6oQV5UwPzB1o6ZLl/SN\nwdT8ZBefqJ8bPNSikJWFI72nknVuEy8qXECAm7XEIVLn2f9K0SIPOZcYqS62WfAP\nAfzG0K6UkcGK/wz1YnWZqX9n0PL4y5pw67POtK+Z1T0s/smrmqUWVGQ7/Al68HFQ\n8REMHtzeqIMaLtWQMF2ChfeO49+TfEZV8QKCAQEAzcZvMJdNK9hABr56XM2obESQ\nXvFbDdQDy787TmDvLk9X5OrmoTRrgpMSzvfXeveDJpZF0ZVnn+2Misan1qyA7BoE\n3GC2Tno+UziHRdEoMOm+Q4eGaJ9q3k0al9tgy7zvNZeuH/nNM9xC/uaQfT7yxWfv\nPEuaoEmmX76x3H2shSreVULyn0mJAYzJijC+cWP1vd1JDRmyr3DSsv9lDDc/+6r1\n0nQlteQZMhMq5aZJySEbg7ZfPQJsdceNbJ1nmbwZTM1NBCsFZ+GsUdGP7NDW3JrI\nIVw9Yd1mNuFBUUG6gon/Jp1HTNttOceakWOjO7qYY+5wbkGZ5FMQuqw27mNV6A==\n-----END RSA PRIVATE KEY-----\n",
            "content_base64": null,
            "content_base64sha256": "vUMGLMFg9l7gX0SV0pqRCKV2PxRFH4IoePXMAJLfPE8=",
            "content_base64sha512": "0mm5upN+t6Xa2O4pUZxCzkniWzRQfnPO/iF98ZNQWKyFuYM3UNE7HkZXIN7XRUkRL0b/qFH8QmMWDyQqmDnpmw==",
            "content_md5": "7ac078fb8e486bb47d95f2f92143b37c",
            "content_sha1": "dae50cad4dfb39609a9e1c8be158c70ce0f490e8",
            "content_sha256": "bd43062cc160f65ee05f4495d29a9108a5763f14451f822878f5cc0092df3c4f",
            "content_sha512": "d269b9ba937eb7a5dad8ee29519c42ce49e25b34507e73cefe217df1935058ac85b9833750d13b1e465720ded74549112f46ffa851fc4263160f242a9839e99b",
            "directory_permission": "0777",
            "file_permission": "0400",
            "filename": "/home/ec2-user/.ssh/devops-keypem-ansible.pem",
            "id": "dae50cad4dfb39609a9e1c8be158c70ce0f490e8",
            "sensitive_content": null,
            "source": null
          },
          "sensitive_attributes": [
            [
              {
                "type": "get_attr",
                "value": "content"
              }
            ],
            [
              {
                "type": "get_attr",
                "value": "sensitive_content"
              }
            ]
          ],
          "identity_schema_version": 0,
          "dependencies": [
            "tls_private_key.ssh_key"
          ]
        }
      ]
    },
    {
      "mode": "managed",
      "type": "null_resource",
      "name": "join_workers",
      "provider": "provider[\"registry.terraform.io/hashicorp/null\"]",
      "instances": [
        {
          "schema_version": 0,
          "attributes": {
            "id": "800833091676867467",
            "triggers": null
          },
          "sensitive_attributes": [],
          "identity_schema_version": 0,
          "dependencies": [
            "aws_key_pair.generated_key",
            "aws_security_group.ec2_sg",
            "local_file.ansible_inventory",
            "module.master.aws_iam_instance_profile.this",
            "module.master.aws_iam_role.ec2_instance_role",
            "module.master.aws_iam_role_policy_attachment.ec2_attach_policy",
            "module.master.aws_instance.this",
            "module.worker_1.aws_iam_instance_profile.this",
            "module.worker_1.aws_iam_role.ec2_instance_role",
            "module.worker_1.aws_iam_role_policy_attachment.ec2_attach_policy",
            "module.worker_1.aws_instance.this",
            "module.worker_2.aws_iam_instance_profile.this",
            "module.worker_2.aws_iam_role.ec2_instance_role",
            "module.worker_2.aws_iam_role_policy_attachment.ec2_attach_policy",
            "module.worker_2.aws_instance.this",
            "tls_private_key.ssh_key"
          ]
        }
      ]
    },
    {
      "mode": "managed",
      "type": "tls_private_key",
      "name": "ssh_key",
      "provider": "provider[\"registry.terraform.io/hashicorp/tls\"]",
      "instances": [
        {
          "schema_version": 1,
          "attributes": {
            "algorithm": "RSA",
            "ecdsa_curve": "P224",
            "id": "e01094821a86cb36fbda1e84a8e9b598195ff83d",
            "private_key_openssh": "-----BEGIN OPENSSH PRIVATE KEY-----\nb3BlbnNzaC1rZXktdjEAAAAABG5vbmUAAAAEbm9uZQAAAAAAAAABAAACFwAAAAdz\nc2gtcnNhAAAAAwEAAQAAAgEAsti61hasOWDQFTri6CtMwUsGSZ6JduFOrCWC54Qa\n0YlU0psLknRFulrfX1Gq0T0cRSi9fYR6m9la3DLypmqz5JilCUhKAFX9+dkDYt3q\nO838L3rvC4YxowUR6aL+M73KYn3zcEBGFNaL8ROlpHQajvW2F8kBgaF96KX6MsM9\nlY3ngNwvqPiBNIiMwda88ZBNrsICwmakwxl/GdxIcMY5TPVmixzaAGTo3ykKKgkf\nSyD4FKqWLQtpWMIYujQAMGhJQLWfBbkbim4VwByyVadD/QtSTG5KxvtTEoXvLxvC\n4xNvQCpPsl3q3vbgGaM/R6XPfLwIhIRaY1O/sbJZqRyboLF4iZD2eTQE++evez+h\nltUVYH21FZsuavssjRnpMAvMqecYNYhX4IMDaL7ozKoI2qQIhTe5c1nT7EC48ZSV\nuwsTX5OquxQxKkkMJbmTFLDzC/THr5oXoR6+fq99joV32YofTTo08u8suqyjAg9/\n1CKZRTw50B0LdL5W23zfWPGlkqN7j6twfxCKJi6DElsoh/fbBf4ISxyhd5gxdMNZ\nH7xnJf6eCtdMuugYfpmei5LEIRkbpuBQyWujyWJAXtGlkVFrZ8jBtYTYF1pmVol9\nMZk2cRT82YKQRUZdZVuL4STFdF/YUuPBuDrtmIbAahl2ucPE0l0Iv07dK1l+lB73\nOuMAAAc4lMVlG5TFZRsAAAAHc3NoLXJzYQAAAgEAsti61hasOWDQFTri6CtMwUsG\nSZ6JduFOrCWC54Qa0YlU0psLknRFulrfX1Gq0T0cRSi9fYR6m9la3DLypmqz5Jil\nCUhKAFX9+dkDYt3qO838L3rvC4YxowUR6aL+M73KYn3zcEBGFNaL8ROlpHQajvW2\nF8kBgaF96KX6MsM9lY3ngNwvqPiBNIiMwda88ZBNrsICwmakwxl/GdxIcMY5TPVm\nixzaAGTo3ykKKgkfSyD4FKqWLQtpWMIYujQAMGhJQLWfBbkbim4VwByyVadD/QtS\nTG5KxvtTEoXvLxvC4xNvQCpPsl3q3vbgGaM/R6XPfLwIhIRaY1O/sbJZqRyboLF4\niZD2eTQE++evez+hltUVYH21FZsuavssjRnpMAvMqecYNYhX4IMDaL7ozKoI2qQI\nhTe5c1nT7EC48ZSVuwsTX5OquxQxKkkMJbmTFLDzC/THr5oXoR6+fq99joV32Yof\nTTo08u8suqyjAg9/1CKZRTw50B0LdL5W23zfWPGlkqN7j6twfxCKJi6DElsoh/fb\nBf4ISxyhd5gxdMNZH7xnJf6eCtdMuugYfpmei5LEIRkbpuBQyWujyWJAXtGlkVFr\nZ8jBtYTYF1pmVol9MZk2cRT82YKQRUZdZVuL4STFdF/YUuPBuDrtmIbAahl2ucPE\n0l0Iv07dK1l+lB73OuMAAAADAQABAAACAE+hDsL+kkzzzYH+V4QOr1yKpnCF3Weo\nVmpwQzIIkBZGYpVowgTBr0ATcMwUZQ1He7xRMNlfcGXOp1VOe9pbvN/llOmmnYg7\nwVqKZKcS7lUVWBjdz+weIiCWw8x2LV9lO+SRdp++hlWF1wYN/NzVcvO+9AXwEbMh\nb5lzuQv8AQIDDhXCM5g0mPaGa8FsdnDJksTiDe93Wxmg0wX1He3UXDPnOXJr9KZj\nR4oA0E06BYxiUAKHl1jT8WI6/V5+g60J6b+dfgHC0r/WVunT/RUE5dEXRtvP6Yxh\n3zFqn72mSyXmg8yaaiSdC1OdsNbJaAXjDhhX8iTqdwItija4lZIlsiZhdsy4XlCh\nGTmsH+rJkHPrQeTxwPJ3kNeHwhcp8OUs7kNrG/tI+piJri5uUUKmSvGqruZpF0dj\nqL7wQqM1fzczod9ua8D+0g0FLTkHzlZxIXmnhnhIL7p+DyT7gu4eTKW3BtYGP+bD\nBUXvFxY7liG+fNQ+V0sTcfQ/vdzsONucILzeccy/zxXKKGlQSEcZ3AWPxKD4lkEF\nRQegjnvo4mm/8ooPEdCMm+AHQEWx/7YDP0jwOgTGzaK1vqAJ7AYRPURLeyD+9g7e\nGHKcNbrTNUT+GLxh6VeGX5CWU9gDD9CDdF73gX/lVozxwQE7ZI9xxYmn20E4pvI9\nk0jWQV1M5Kq5AAABAQDNxm8wl00r2EAGvnpczahsRJBe8VsN1APLvztOYO8uT1fk\n6uahNGuCkxLO99d694MmlkXRlWef7YyKxqfWrIDsGgTcYLZOej5TOIdF0Sgw6b5D\nh4Zon2reTRqX22DLvO81l64f+c0z3EL+5pB9PvLFZ+88S5qgSaZfvrHcfayFKt5V\nQvKfSYkBjMmKML5xY/W93UkNGbKvcNKy/2UMNz/7qvXSdCW15BkyEyrlpknJIRuD\ntl89Amx1x41snWeZvBlMzU0EKwVn4axR0Y/s0NbcmsghXD1h3WY24UFRQbqCif8m\nnUdM2205x5qRY6M7uphj7nBuQZnkUxC6rDbuY1XoAAABAQDm3gczbC2lvB6T/YjR\nOe7QQZMY5u1NwuYbP+jWf00c6cuRptLkInCGa7TTTevH7YuakGq4ddoFRNWbjvhG\nXwQiT+1HhD2usjW2JtZlkX9CLABQTDOX54k6TKxFTmgySKM4vxbY+PYSllrw8kVN\ngyd1GpzOqfVIMgBqx4cBsUaBJFN/+7KXzRIA54RpinR66by/MszBe0tYRyGxmqCE\nSQSoLE37Muky5cp+MtVBteLCRXMN6LydCSTLLIk2mu+9DOvgdX631wW6Y41fRV5K\nChKc+p5ZqCPkd5SYv853W5+PoApf59ueDQewYI7RosPl6bdmC1AUjkyixxZfuvP/\nBojrAAABAQDGUPPR7ADSRAPTTly7oA9V6EOkpkEtz8DBgIC7NBiwRrWzkEXINgDQ\nSRxbhQrDFEJ/tMLbQ2/TD0mFeWTuOvRijJPrIj6KJVnQxGZEAT+HhxXzfBQLNOrE\n0xLKsOjo8kgXTPagxWYwo7fw4fK/PN7AC5Oln3V1XXo5h1BtWu5pgDCB835mHPLC\nZv3LiYNLzN57Ax34vpbQ/8Y07wFYt7EctgnGQtNu9dduPdwabS4FATUGZVkonl3q\nS2Cb+pHnWFr3kdnwrci4AbMFYJxdpYEVvXCYz3l7zQea1SSsPigjQb1CYTL15m6A\nhgT4hvO0vfBADd9DYAuyFAQ/wFJlRpfpAAAAAAEC\n-----END OPENSSH PRIVATE KEY-----\n",
            "private_key_pem": "-----BEGIN RSA PRIVATE KEY-----\nMIIJKgIBAAKCAgEAsti61hasOWDQFTri6CtMwUsGSZ6JduFOrCWC54Qa0YlU0psL\nknRFulrfX1Gq0T0cRSi9fYR6m9la3DLypmqz5JilCUhKAFX9+dkDYt3qO838L3rv\nC4YxowUR6aL+M73KYn3zcEBGFNaL8ROlpHQajvW2F8kBgaF96KX6MsM9lY3ngNwv\nqPiBNIiMwda88ZBNrsICwmakwxl/GdxIcMY5TPVmixzaAGTo3ykKKgkfSyD4FKqW\nLQtpWMIYujQAMGhJQLWfBbkbim4VwByyVadD/QtSTG5KxvtTEoXvLxvC4xNvQCpP\nsl3q3vbgGaM/R6XPfLwIhIRaY1O/sbJZqRyboLF4iZD2eTQE++evez+hltUVYH21\nFZsuavssjRnpMAvMqecYNYhX4IMDaL7ozKoI2qQIhTe5c1nT7EC48ZSVuwsTX5Oq\nuxQxKkkMJbmTFLDzC/THr5oXoR6+fq99joV32YofTTo08u8suqyjAg9/1CKZRTw5\n0B0LdL5W23zfWPGlkqN7j6twfxCKJi6DElsoh/fbBf4ISxyhd5gxdMNZH7xnJf6e\nCtdMuugYfpmei5LEIRkbpuBQyWujyWJAXtGlkVFrZ8jBtYTYF1pmVol9MZk2cRT8\n2YKQRUZdZVuL4STFdF/YUuPBuDrtmIbAahl2ucPE0l0Iv07dK1l+lB73OuMCAwEA\nAQKCAgBPoQ7C/pJM882B/leEDq9ciqZwhd1nqFZqcEMyCJAWRmKVaMIEwa9AE3DM\nFGUNR3u8UTDZX3BlzqdVTnvaW7zf5ZTppp2IO8FaimSnEu5VFVgY3c/sHiIglsPM\ndi1fZTvkkXafvoZVhdcGDfzc1XLzvvQF8BGzIW+Zc7kL/AECAw4VwjOYNJj2hmvB\nbHZwyZLE4g3vd1sZoNMF9R3t1Fwz5zlya/SmY0eKANBNOgWMYlACh5dY0/FiOv1e\nfoOtCem/nX4BwtK/1lbp0/0VBOXRF0bbz+mMYd8xap+9pksl5oPMmmoknQtTnbDW\nyWgF4w4YV/Ik6ncCLYo2uJWSJbImYXbMuF5QoRk5rB/qyZBz60Hk8cDyd5DXh8IX\nKfDlLO5Daxv7SPqYia4ublFCpkrxqq7maRdHY6i+8EKjNX83M6HfbmvA/tINBS05\nB85WcSF5p4Z4SC+6fg8k+4LuHkyltwbWBj/mwwVF7xcWO5YhvnzUPldLE3H0P73c\n7DjbnCC83nHMv88VyihpUEhHGdwFj8Sg+JZBBUUHoI576OJpv/KKDxHQjJvgB0BF\nsf+2Az9I8DoExs2itb6gCewGET1ES3sg/vYO3hhynDW60zVE/hi8YelXhl+QllPY\nAw/Qg3Re94F/5VaM8cEBO2SPccWJp9tBOKbyPZNI1kFdTOSquQKCAQEA5t4HM2wt\npbwek/2I0Tnu0EGTGObtTcLmGz/o1n9NHOnLkabS5CJwhmu0003rx+2LmpBquHXa\nBUTVm474Rl8EIk/tR4Q9rrI1tibWZZF/QiwAUEwzl+eJOkysRU5oMkijOL8W2Pj2\nEpZa8PJFTYMndRqczqn1SDIAaseHAbFGgSRTf/uyl80SAOeEaYp0eum8vzLMwXtL\nWEchsZqghEkEqCxN+zLpMuXKfjLVQbXiwkVzDei8nQkkyyyJNprvvQzr4HV+t9cF\numONX0VeSgoSnPqeWagj5HeUmL/Od1ufj6AKX+fbng0HsGCO0aLD5em3ZgtQFI5M\noscWX7rz/waI6wKCAQEAxlDz0ewA0kQD005cu6APVehDpKZBLc/AwYCAuzQYsEa1\ns5BFyDYA0EkcW4UKwxRCf7TC20Nv0w9JhXlk7jr0YoyT6yI+iiVZ0MRmRAE/h4cV\n83wUCzTqxNMSyrDo6PJIF0z2oMVmMKO38OHyvzzewAuTpZ91dV16OYdQbVruaYAw\ngfN+Zhzywmb9y4mDS8zeewMd+L6W0P/GNO8BWLexHLYJxkLTbvXXbj3cGm0uBQE1\nBmVZKJ5d6ktgm/qR51ha95HZ8K3IuAGzBWCcXaWBFb1wmM95e80HmtUkrD4oI0G9\nQmEy9eZugIYE+IbztL3wQA3fQ2ALshQEP8BSZUaX6QKCAQEAv/kgQ8JQsuAbDTRl\n8JUb4FCm4K4l5eOLNF2QX8y7cq92d0chVlLM/vnRA2RoC3eb/orYM0rMYFU8yn24\nNcwMw/tyc2WjZQELaMwiu5KhH4U3PY4f2NDPa4sWNQtd2XJNR4KenQ1okUw1kuXi\nevH0fYwDmFX7gG0Tq7b+rImc9wYd6O6DM3dy4Q2jLZ/T++Eg8lxrpve/T0jW27iY\ngWe2V6F/tsI+5/PszcO3UUzNon3djlNZg7t2vPvrnVx4vdtgyOTq2jQSr0rY47/r\nB+YYVDCSPDt0nSZSijH0nYuywttxxQ4nsOVk32VrXSbbfvM5bcE6dd1eHH0wPapX\n+liUwQKCAQEAkno8fLLKMIQYJzzb9aFVcmhpffVmcwXeI45chukFyz2O+5/2StjI\nZQ97KIXt2wTd0SGcQwNeVxAVh8aQK/3Tf+7BWo0ikDriSfamalhZqiq2pe7hhx2A\nwfv9B0T/4v8BDGTGTR1AS3DBbeQVvfahuEtUtKJAyX1Px6oQV5UwPzB1o6ZLl/SN\nwdT8ZBefqJ8bPNSikJWFI72nknVuEy8qXECAm7XEIVLn2f9K0SIPOZcYqS62WfAP\nAfzG0K6UkcGK/wz1YnWZqX9n0PL4y5pw67POtK+Z1T0s/smrmqUWVGQ7/Al68HFQ\n8REMHtzeqIMaLtWQMF2ChfeO49+TfEZV8QKCAQEAzcZvMJdNK9hABr56XM2obESQ\nXvFbDdQDy787TmDvLk9X5OrmoTRrgpMSzvfXeveDJpZF0ZVnn+2Misan1qyA7BoE\n3GC2Tno+UziHRdEoMOm+Q4eGaJ9q3k0al9tgy7zvNZeuH/nNM9xC/uaQfT7yxWfv\nPEuaoEmmX76x3H2shSreVULyn0mJAYzJijC+cWP1vd1JDRmyr3DSsv9lDDc/+6r1\n0nQlteQZMhMq5aZJySEbg7ZfPQJsdceNbJ1nmbwZTM1NBCsFZ+GsUdGP7NDW3JrI\nIVw9Yd1mNuFBUUG6gon/Jp1HTNttOceakWOjO7qYY+5wbkGZ5FMQuqw27mNV6A==\n-----END RSA PRIVATE KEY-----\n",
            "private_key_pem_pkcs8": "-----BEGIN PRIVATE KEY-----\nMIIJRAIBADANBgkqhkiG9w0BAQEFAASCCS4wggkqAgEAAoICAQCy2LrWFqw5YNAV\nOuLoK0zBSwZJnol24U6sJYLnhBrRiVTSmwuSdEW6Wt9fUarRPRxFKL19hHqb2Vrc\nMvKmarPkmKUJSEoAVf352QNi3eo7zfwveu8LhjGjBRHpov4zvcpiffNwQEYU1ovx\nE6WkdBqO9bYXyQGBoX3opfoywz2VjeeA3C+o+IE0iIzB1rzxkE2uwgLCZqTDGX8Z\n3EhwxjlM9WaLHNoAZOjfKQoqCR9LIPgUqpYtC2lYwhi6NAAwaElAtZ8FuRuKbhXA\nHLJVp0P9C1JMbkrG+1MShe8vG8LjE29AKk+yXere9uAZoz9Hpc98vAiEhFpjU7+x\nslmpHJugsXiJkPZ5NAT75697P6GW1RVgfbUVmy5q+yyNGekwC8yp5xg1iFfggwNo\nvujMqgjapAiFN7lzWdPsQLjxlJW7CxNfk6q7FDEqSQwluZMUsPML9MevmhehHr5+\nr32OhXfZih9NOjTy7yy6rKMCD3/UIplFPDnQHQt0vlbbfN9Y8aWSo3uPq3B/EIom\nLoMSWyiH99sF/ghLHKF3mDF0w1kfvGcl/p4K10y66Bh+mZ6LksQhGRum4FDJa6PJ\nYkBe0aWRUWtnyMG1hNgXWmZWiX0xmTZxFPzZgpBFRl1lW4vhJMV0X9hS48G4Ou2Y\nhsBqGXa5w8TSXQi/Tt0rWX6UHvc64wIDAQABAoICAE+hDsL+kkzzzYH+V4QOr1yK\npnCF3WeoVmpwQzIIkBZGYpVowgTBr0ATcMwUZQ1He7xRMNlfcGXOp1VOe9pbvN/l\nlOmmnYg7wVqKZKcS7lUVWBjdz+weIiCWw8x2LV9lO+SRdp++hlWF1wYN/NzVcvO+\n9AXwEbMhb5lzuQv8AQIDDhXCM5g0mPaGa8FsdnDJksTiDe93Wxmg0wX1He3UXDPn\nOXJr9KZjR4oA0E06BYxiUAKHl1jT8WI6/V5+g60J6b+dfgHC0r/WVunT/RUE5dEX\nRtvP6Yxh3zFqn72mSyXmg8yaaiSdC1OdsNbJaAXjDhhX8iTqdwItija4lZIlsiZh\ndsy4XlChGTmsH+rJkHPrQeTxwPJ3kNeHwhcp8OUs7kNrG/tI+piJri5uUUKmSvGq\nruZpF0djqL7wQqM1fzczod9ua8D+0g0FLTkHzlZxIXmnhnhIL7p+DyT7gu4eTKW3\nBtYGP+bDBUXvFxY7liG+fNQ+V0sTcfQ/vdzsONucILzeccy/zxXKKGlQSEcZ3AWP\nxKD4lkEFRQegjnvo4mm/8ooPEdCMm+AHQEWx/7YDP0jwOgTGzaK1vqAJ7AYRPURL\neyD+9g7eGHKcNbrTNUT+GLxh6VeGX5CWU9gDD9CDdF73gX/lVozxwQE7ZI9xxYmn\n20E4pvI9k0jWQV1M5Kq5AoIBAQDm3gczbC2lvB6T/YjROe7QQZMY5u1NwuYbP+jW\nf00c6cuRptLkInCGa7TTTevH7YuakGq4ddoFRNWbjvhGXwQiT+1HhD2usjW2JtZl\nkX9CLABQTDOX54k6TKxFTmgySKM4vxbY+PYSllrw8kVNgyd1GpzOqfVIMgBqx4cB\nsUaBJFN/+7KXzRIA54RpinR66by/MszBe0tYRyGxmqCESQSoLE37Muky5cp+MtVB\nteLCRXMN6LydCSTLLIk2mu+9DOvgdX631wW6Y41fRV5KChKc+p5ZqCPkd5SYv853\nW5+PoApf59ueDQewYI7RosPl6bdmC1AUjkyixxZfuvP/BojrAoIBAQDGUPPR7ADS\nRAPTTly7oA9V6EOkpkEtz8DBgIC7NBiwRrWzkEXINgDQSRxbhQrDFEJ/tMLbQ2/T\nD0mFeWTuOvRijJPrIj6KJVnQxGZEAT+HhxXzfBQLNOrE0xLKsOjo8kgXTPagxWYw\no7fw4fK/PN7AC5Oln3V1XXo5h1BtWu5pgDCB835mHPLCZv3LiYNLzN57Ax34vpbQ\n/8Y07wFYt7EctgnGQtNu9dduPdwabS4FATUGZVkonl3qS2Cb+pHnWFr3kdnwrci4\nAbMFYJxdpYEVvXCYz3l7zQea1SSsPigjQb1CYTL15m6AhgT4hvO0vfBADd9DYAuy\nFAQ/wFJlRpfpAoIBAQC/+SBDwlCy4BsNNGXwlRvgUKbgriXl44s0XZBfzLtyr3Z3\nRyFWUsz++dEDZGgLd5v+itgzSsxgVTzKfbg1zAzD+3JzZaNlAQtozCK7kqEfhTc9\njh/Y0M9rixY1C13Zck1Hgp6dDWiRTDWS5eJ68fR9jAOYVfuAbROrtv6siZz3Bh3o\n7oMzd3LhDaMtn9P74SDyXGum979PSNbbuJiBZ7ZXoX+2wj7n8+zNw7dRTM2ifd2O\nU1mDu3a8++udXHi922DI5OraNBKvStjjv+sH5hhUMJI8O3SdJlKKMfSdi7LC23HF\nDiew5WTfZWtdJtt+8zltwTp13V4cfTA9qlf6WJTBAoIBAQCSejx8ssowhBgnPNv1\noVVyaGl99WZzBd4jjlyG6QXLPY77n/ZK2MhlD3sohe3bBN3RIZxDA15XEBWHxpAr\n/dN/7sFajSKQOuJJ9qZqWFmqKral7uGHHYDB+/0HRP/i/wEMZMZNHUBLcMFt5BW9\n9qG4S1S0okDJfU/HqhBXlTA/MHWjpkuX9I3B1PxkF5+onxs81KKQlYUjvaeSdW4T\nLypcQICbtcQhUufZ/0rRIg85lxipLrZZ8A8B/MbQrpSRwYr/DPVidZmpf2fQ8vjL\nmnDrs860r5nVPSz+yauapRZUZDv8CXrwcVDxEQwe3N6ogxou1ZAwXYKF947j35N8\nRlXxAoIBAQDNxm8wl00r2EAGvnpczahsRJBe8VsN1APLvztOYO8uT1fk6uahNGuC\nkxLO99d694MmlkXRlWef7YyKxqfWrIDsGgTcYLZOej5TOIdF0Sgw6b5Dh4Zon2re\nTRqX22DLvO81l64f+c0z3EL+5pB9PvLFZ+88S5qgSaZfvrHcfayFKt5VQvKfSYkB\njMmKML5xY/W93UkNGbKvcNKy/2UMNz/7qvXSdCW15BkyEyrlpknJIRuDtl89Amx1\nx41snWeZvBlMzU0EKwVn4axR0Y/s0NbcmsghXD1h3WY24UFRQbqCif8mnUdM2205\nx5qRY6M7uphj7nBuQZnkUxC6rDbuY1Xo\n-----END PRIVATE KEY-----\n",
            "public_key_fingerprint_md5": "0a:51:6d:ae:46:1c:b5:18:e5:03:53:1b:65:6e:4b:53",
            "public_key_fingerprint_sha256": "SHA256:Rm9QrhZTLnxTS2SMBW79YHzkZBON6CaQqFfkHXHiGYc",
            "public_key_openssh": "ssh-rsa AAAAB3NzaC1yc2EAAAADAQABAAACAQCy2LrWFqw5YNAVOuLoK0zBSwZJnol24U6sJYLnhBrRiVTSmwuSdEW6Wt9fUarRPRxFKL19hHqb2VrcMvKmarPkmKUJSEoAVf352QNi3eo7zfwveu8LhjGjBRHpov4zvcpiffNwQEYU1ovxE6WkdBqO9bYXyQGBoX3opfoywz2VjeeA3C+o+IE0iIzB1rzxkE2uwgLCZqTDGX8Z3EhwxjlM9WaLHNoAZOjfKQoqCR9LIPgUqpYtC2lYwhi6NAAwaElAtZ8FuRuKbhXAHLJVp0P9C1JMbkrG+1MShe8vG8LjE29AKk+yXere9uAZoz9Hpc98vAiEhFpjU7+xslmpHJugsXiJkPZ5NAT75697P6GW1RVgfbUVmy5q+yyNGekwC8yp5xg1iFfggwNovujMqgjapAiFN7lzWdPsQLjxlJW7CxNfk6q7FDEqSQwluZMUsPML9MevmhehHr5+r32OhXfZih9NOjTy7yy6rKMCD3/UIplFPDnQHQt0vlbbfN9Y8aWSo3uPq3B/EIomLoMSWyiH99sF/ghLHKF3mDF0w1kfvGcl/p4K10y66Bh+mZ6LksQhGRum4FDJa6PJYkBe0aWRUWtnyMG1hNgXWmZWiX0xmTZxFPzZgpBFRl1lW4vhJMV0X9hS48G4Ou2YhsBqGXa5w8TSXQi/Tt0rWX6UHvc64w==\n",
            "public_key_pem": "-----BEGIN PUBLIC KEY-----\nMIICIjANBgkqhkiG9w0BAQEFAAOCAg8AMIICCgKCAgEAsti61hasOWDQFTri6CtM\nwUsGSZ6JduFOrCWC54Qa0YlU0psLknRFulrfX1Gq0T0cRSi9fYR6m9la3DLypmqz\n5JilCUhKAFX9+dkDYt3qO838L3rvC4YxowUR6aL+M73KYn3zcEBGFNaL8ROlpHQa\njvW2F8kBgaF96KX6MsM9lY3ngNwvqPiBNIiMwda88ZBNrsICwmakwxl/GdxIcMY5\nTPVmixzaAGTo3ykKKgkfSyD4FKqWLQtpWMIYujQAMGhJQLWfBbkbim4VwByyVadD\n/QtSTG5KxvtTEoXvLxvC4xNvQCpPsl3q3vbgGaM/R6XPfLwIhIRaY1O/sbJZqRyb\noLF4iZD2eTQE++evez+hltUVYH21FZsuavssjRnpMAvMqecYNYhX4IMDaL7ozKoI\n2qQIhTe5c1nT7EC48ZSVuwsTX5OquxQxKkkMJbmTFLDzC/THr5oXoR6+fq99joV3\n2YofTTo08u8suqyjAg9/1CKZRTw50B0LdL5W23zfWPGlkqN7j6twfxCKJi6DElso\nh/fbBf4ISxyhd5gxdMNZH7xnJf6eCtdMuugYfpmei5LEIRkbpuBQyWujyWJAXtGl\nkVFrZ8jBtYTYF1pmVol9MZk2cRT82YKQRUZdZVuL4STFdF/YUuPBuDrtmIbAahl2\nucPE0l0Iv07dK1l+lB73OuMCAwEAAQ==\n-----END PUBLIC KEY-----\n",
            "rsa_bits": 4096
          },
          "sensitive_attributes": [
            [
              {
                "type": "get_attr",
                "value": "private_key_openssh"
              }
            ],
            [
              {
                "type": "get_attr",
                "value": "private_key_pem"
              }
            ],
            [
              {
                "type": "get_attr",
                "value": "private_key_pem_pkcs8"
              }
            ]
          ],
          "identity_schema_version": 0
        }
      ]
    },
    {
      "module": "module.master",
      "mode": "managed",
      "type": "aws_iam_instance_profile",
      "name": "this",
      "provider": "provider[\"registry.terraform.io/hashicorp/aws\"]",
      "instances": [
        {
          "schema_version": 0,
          "attributes": {
            "arn": "arn:aws:iam::723622210284:instance-profile/k8s-master-node-ec2-profile",
            "create_date": "2025-08-05T19:21:17Z",
            "id": "k8s-master-node-ec2-profile",
            "name": "k8s-master-node-ec2-profile",
            "name_prefix": "",
            "path": "/",
            "role": "k8s-master-node-ec2-role",
            "tags": {},
            "tags_all": {},
            "unique_id": "AIPA2Q6Z6VLWF5ZJQTL25"
          },
          "sensitive_attributes": [],
          "identity_schema_version": 0,
          "private": "bnVsbA==",
          "dependencies": [
            "module.master.aws_iam_role.ec2_instance_role"
          ]
        }
      ]
    },
    {
      "module": "module.master",
      "mode": "managed",
      "type": "aws_iam_role",
      "name": "ec2_instance_role",
      "provider": "provider[\"registry.terraform.io/hashicorp/aws\"]",
      "instances": [
        {
          "schema_version": 0,
          "attributes": {
            "arn": "arn:aws:iam::723622210284:role/k8s-master-node-ec2-role",
            "assume_role_policy": "{\"Statement\":[{\"Action\":\"sts:AssumeRole\",\"Effect\":\"Allow\",\"Principal\":{\"Service\":\"ec2.amazonaws.com\"}}],\"Version\":\"2012-10-17\"}",
            "create_date": "2025-08-05T19:21:17Z",
            "description": "",
            "force_detach_policies": false,
            "id": "k8s-master-node-ec2-role",
            "inline_policy": [],
            "managed_policy_arns": [
              "arn:aws:iam::aws:policy/AdministratorAccess"
            ],
            "max_session_duration": 3600,
            "name": "k8s-master-node-ec2-role",
            "name_prefix": "",
            "path": "/",
            "permissions_boundary": "",
            "tags": {},
            "tags_all": {},
            "unique_id": "AROA2Q6Z6VLWCPBGK6NQ2"
          },
          "sensitive_attributes": [],
          "identity_schema_version": 0,
          "identity": {
            "account_id": "723622210284",
            "name": "k8s-master-node-ec2-role"
          },
          "private": "bnVsbA=="
        }
      ]
    },
    {
      "module": "module.master",
      "mode": "managed",
      "type": "aws_iam_role_policy_attachment",
      "name": "ec2_attach_policy",
      "provider": "provider[\"registry.terraform.io/hashicorp/aws\"]",
      "instances": [
        {
          "schema_version": 0,
          "attributes": {
            "id": "k8s-master-node-ec2-role/arn:aws:iam::aws:policy/AdministratorAccess",
            "policy_arn": "arn:aws:iam::aws:policy/AdministratorAccess",
            "role": "k8s-master-node-ec2-role"
          },
          "sensitive_attributes": [],
          "identity_schema_version": 0,
          "identity": {
            "account_id": "723622210284",
            "policy_arn": "arn:aws:iam::aws:policy/AdministratorAccess",
            "role": "k8s-master-node-ec2-role"
          },
          "private": "bnVsbA==",
          "dependencies": [
            "module.master.aws_iam_role.ec2_instance_role"
          ]
        }
      ]
    },
    {
      "module": "module.master",
      "mode": "managed",
      "type": "aws_instance",
      "name": "this",
      "provider": "provider[\"registry.terraform.io/hashicorp/aws\"]",
      "instances": [
        {
          "schema_version": 2,
          "attributes": {
            "ami": "ami-020cba7c55df1f615",
            "arn": "arn:aws:ec2:us-east-1:723622210284:instance/i-06802341d8aade56c",
            "associate_public_ip_address": true,
            "availability_zone": "us-east-1d",
            "capacity_reservation_specification": [
              {
                "capacity_reservation_preference": "open",
                "capacity_reservation_target": []
              }
            ],
            "cpu_options": [
              {
                "amd_sev_snp": "",
                "core_count": 1,
                "threads_per_core": 2
              }
            ],
            "credit_specification": [
              {
                "cpu_credits": "unlimited"
              }
            ],
            "disable_api_stop": false,
            "disable_api_termination": false,
            "ebs_block_device": [],
            "ebs_optimized": false,
            "enable_primary_ipv6": null,
            "enclave_options": [
              {
                "enabled": false
              }
            ],
            "ephemeral_block_device": [],
            "get_password_data": false,
            "hibernation": false,
            "host_id": "",
            "host_resource_group_arn": null,
            "iam_instance_profile": "k8s-master-node-ec2-profile",
            "id": "i-06802341d8aade56c",
            "instance_initiated_shutdown_behavior": "stop",
            "instance_lifecycle": "",
            "instance_market_options": [],
            "instance_state": "running",
            "instance_type": "t3a.medium",
            "ipv6_address_count": 0,
            "ipv6_addresses": [],
            "key_name": "devops-keypem-ansible",
            "launch_template": [],
            "maintenance_options": [
              {
                "auto_recovery": "default"
              }
            ],
            "metadata_options": [
              {
                "http_endpoint": "enabled",
                "http_protocol_ipv6": "disabled",
                "http_put_response_hop_limit": 2,
                "http_tokens": "required",
                "instance_metadata_tags": "disabled"
              }
            ],
            "monitoring": false,
            "network_interface": [],
            "outpost_arn": "",
            "password_data": "",
            "placement_group": "",
            "placement_partition_number": 0,
            "primary_network_interface_id": "eni-0a8863ec74521b645",
            "private_dns": "ip-172-31-83-137.ec2.internal",
            "private_dns_name_options": [
              {
                "enable_resource_name_dns_a_record": false,
                "enable_resource_name_dns_aaaa_record": false,
                "hostname_type": "ip-name"
              }
            ],
            "private_ip": "172.31.83.137",
            "public_dns": "ec2-13-219-93-106.compute-1.amazonaws.com",
            "public_ip": "13.219.93.106",
            "region": "us-east-1",
            "root_block_device": [
              {
                "delete_on_termination": true,
                "device_name": "/dev/sda1",
                "encrypted": false,
                "iops": 3000,
                "kms_key_id": "",
                "tags": {},
                "tags_all": {},
                "throughput": 125,
                "volume_id": "vol-05f7c9a8b6983b56d",
                "volume_size": 100,
                "volume_type": "gp3"
              }
            ],
            "secondary_private_ips": [],
            "security_groups": [
              "K8S-CLUSTER-sg"
            ],
            "source_dest_check": true,
            "spot_instance_request_id": "",
            "subnet_id": "subnet-0f4853a7a6ad3be85",
            "tags": {
              "Id": "1",
              "Name": "k8s-master-node-ec2",
              "Project": "tera-kube-ans",
              "Role": "master",
              "environment": "dev",
              "name": "kube-master"
            },
            "tags_all": {
              "Id": "1",
              "Name": "k8s-master-node-ec2",
              "Project": "tera-kube-ans",
              "Role": "master",
              "environment": "dev",
              "name": "kube-master"
            },
            "tenancy": "default",
            "timeouts": null,
            "user_data": "#!/bin/bash\nset -euxo pipefail\n\n# 1. Hostname\nhostnamectl set-hostname k8s-master\n\n# 2. Kernel modülleri ve sysctl ayarları\nmodprobe overlay\nmodprobe br_netfilter\n\ncat \u003c\u003cEOF | tee /etc/modules-load.d/k8s.conf\noverlay\nbr_netfilter\nEOF\n\ncat \u003c\u003cEOF | tee /etc/sysctl.d/k8s.conf\nnet.bridge.bridge-nf-call-iptables  = 1\nnet.bridge.bridge-nf-call-ip6tables = 1\nnet.ipv4.ip_forward                 = 1\nEOF\n\nsysctl --system\n\n# 3. Swap kapatma\nswapoff -a\nsed -i '/ swap / s/^\\(.*\\)$/#\\1/g' /etc/fstab\n\n# 4. Containerd kurulumu\ncurl -fsSL https://download.docker.com/linux/ubuntu/gpg | gpg --dearmor -o /usr/share/keyrings/docker.gpg\necho \"deb [arch=$(dpkg --print-architecture) signed-by=/usr/share/keyrings/docker.gpg] https://download.docker.com/linux/ubuntu $(lsb_release -cs) stable\" | tee /etc/apt/sources.list.d/docker.list \u003e /dev/null\n\napt update\napt install -y containerd.io\n\nsystemctl daemon-reexec\nsystemctl enable --now containerd\n\nmkdir -p /etc/containerd\ncontainerd config default | tee /etc/containerd/config.toml\n\n# SystemdCgroup true yapılır\nsed -i 's/SystemdCgroup = false/SystemdCgroup = true/' /etc/containerd/config.toml\n\nsystemctl restart containerd\n\n# 5. Kubeadm, Kubelet, Kubectl kurulumu\napt-get update\napt-get install -y apt-transport-https ca-certificates curl\n\nmkdir -p /etc/apt/keyrings\ncurl -fsSL https://pkgs.k8s.io/core:/stable:/v1.32/deb/Release.key | gpg --dearmor -o /etc/apt/keyrings/kubernetes-apt-keyring.gpg\n\necho 'deb [signed-by=/etc/apt/keyrings/kubernetes-apt-keyring.gpg] https://pkgs.k8s.io/core:/stable:/v1.32/deb/ /' | tee /etc/apt/sources.list.d/kubernetes.list\n\napt-get update\napt-get install -y kubelet kubeadm kubectl\napt-mark hold kubelet kubeadm kubectl\n\n\n########################################\n# 6. Master Node Kurulumu\n########################################\n# Private IP adresini al\nMASTER_IP=$(hostname -I | awk '{print $1}')\n\n# Kubernetes gerekli container imajlarını çek\nkubeadm config images pull\n\n# Master node init\nkubeadm init \\\n  --pod-network-cidr=10.244.0.0/16 \\\n  --apiserver-advertise-address=\"${MASTER_IP}\" \\\n  --control-plane-endpoint=\"${MASTER_IP}\"\n\n########################################\n# 7. Kubectl erişimi için config ayarları\n########################################\n\nmkdir -p /root/.kube\ncp -i /etc/kubernetes/admin.conf /root/.kube/config\nchown root:root /root/.kube/config\n\nmkdir -p /home/ubuntu/.kube\ncp /etc/kubernetes/admin.conf /home/ubuntu/.kube/config\nchown ubuntu:ubuntu /home/ubuntu/.kube/config\n\nexport KUBECONFIG=/home/ubuntu/.kube/config\n\n\n# Flannel CNI kurulumu\nsudo -u ubuntu KUBECONFIG=/home/ubuntu/.kube/config kubectl apply -f https://raw.githubusercontent.com/flannel-io/flannel/master/Documentation/kube-flannel.yml\n\n# Token komutunun hazır olması için kısa bekleme\nsleep 20\n\n# Join komutunu sakla\nkubeadm token create --print-join-command \u003e /root/kubeadm_join_cmd.sh\nchmod +x /root/kubeadm_join_cmd.sh\necho \"Worker node eklemek için şu komutu: bash /root/kubeadm_join_cmd.sh\"\n",
            "user_data_base64": null,
            "user_data_replace_on_change": false,
            "volume_tags": null,
            "vpc_security_group_ids": [
              "sg-0fd3680b06b7bb5eb"
            ]
          },
          "sensitive_attributes": [],
          "identity_schema_version": 0,
          "private": "eyJlMmJmYjczMC1lY2FhLTExZTYtOGY4OC0zNDM2M2JjN2M0YzAiOnsiY3JlYXRlIjo2MDAwMDAwMDAwMDAsImRlbGV0ZSI6MTIwMDAwMDAwMDAwMCwicmVhZCI6OTAwMDAwMDAwMDAwLCJ1cGRhdGUiOjYwMDAwMDAwMDAwMH0sInNjaGVtYV92ZXJzaW9uIjoiMiJ9",
          "dependencies": [
            "aws_key_pair.generated_key",
            "aws_security_group.ec2_sg",
            "module.master.aws_iam_instance_profile.this",
            "module.master.aws_iam_role.ec2_instance_role",
            "tls_private_key.ssh_key"
          ]
        }
      ]
    },
    {
      "module": "module.worker_1",
      "mode": "managed",
      "type": "aws_iam_instance_profile",
      "name": "this",
      "provider": "provider[\"registry.terraform.io/hashicorp/aws\"]",
      "instances": [
        {
          "schema_version": 0,
          "attributes": {
            "arn": "arn:aws:iam::723622210284:instance-profile/k8s-worker1-node-ec2-profile",
            "create_date": "2025-08-05T19:21:37Z",
            "id": "k8s-worker1-node-ec2-profile",
            "name": "k8s-worker1-node-ec2-profile",
            "name_prefix": "",
            "path": "/",
            "role": "k8s-worker1-node-ec2-role",
            "tags": {},
            "tags_all": {},
            "unique_id": "AIPA2Q6Z6VLWK4YLHSU4S"
          },
          "sensitive_attributes": [],
          "identity_schema_version": 0,
          "private": "bnVsbA==",
          "dependencies": [
            "aws_key_pair.generated_key",
            "aws_security_group.ec2_sg",
            "module.master.aws_iam_instance_profile.this",
            "module.master.aws_iam_role.ec2_instance_role",
            "module.master.aws_iam_role_policy_attachment.ec2_attach_policy",
            "module.master.aws_instance.this",
            "module.worker_1.aws_iam_role.ec2_instance_role",
            "tls_private_key.ssh_key"
          ]
        }
      ]
    },
    {
      "module": "module.worker_1",
      "mode": "managed",
      "type": "aws_iam_role",
      "name": "ec2_instance_role",
      "provider": "provider[\"registry.terraform.io/hashicorp/aws\"]",
      "instances": [
        {
          "schema_version": 0,
          "attributes": {
            "arn": "arn:aws:iam::723622210284:role/k8s-worker1-node-ec2-role",
            "assume_role_policy": "{\"Statement\":[{\"Action\":\"sts:AssumeRole\",\"Effect\":\"Allow\",\"Principal\":{\"Service\":\"ec2.amazonaws.com\"}}],\"Version\":\"2012-10-17\"}",
            "create_date": "2025-08-05T19:21:37Z",
            "description": "",
            "force_detach_policies": false,
            "id": "k8s-worker1-node-ec2-role",
            "inline_policy": [],
            "managed_policy_arns": [
              "arn:aws:iam::aws:policy/AdministratorAccess"
            ],
            "max_session_duration": 3600,
            "name": "k8s-worker1-node-ec2-role",
            "name_prefix": "",
            "path": "/",
            "permissions_boundary": "",
            "tags": {},
            "tags_all": {},
            "unique_id": "AROA2Q6Z6VLWN6SOFIOXS"
          },
          "sensitive_attributes": [],
          "identity_schema_version": 0,
          "identity": {
            "account_id": "723622210284",
            "name": "k8s-worker1-node-ec2-role"
          },
          "private": "bnVsbA==",
          "dependencies": [
            "aws_key_pair.generated_key",
            "aws_security_group.ec2_sg",
            "module.master.aws_iam_instance_profile.this",
            "module.master.aws_iam_role.ec2_instance_role",
            "module.master.aws_iam_role_policy_attachment.ec2_attach_policy",
            "module.master.aws_instance.this",
            "tls_private_key.ssh_key"
          ]
        }
      ]
    },
    {
      "module": "module.worker_1",
      "mode": "managed",
      "type": "aws_iam_role_policy_attachment",
      "name": "ec2_attach_policy",
      "provider": "provider[\"registry.terraform.io/hashicorp/aws\"]",
      "instances": [
        {
          "schema_version": 0,
          "attributes": {
            "id": "k8s-worker1-node-ec2-role/arn:aws:iam::aws:policy/AdministratorAccess",
            "policy_arn": "arn:aws:iam::aws:policy/AdministratorAccess",
            "role": "k8s-worker1-node-ec2-role"
          },
          "sensitive_attributes": [],
          "identity_schema_version": 0,
          "identity": {
            "account_id": "723622210284",
            "policy_arn": "arn:aws:iam::aws:policy/AdministratorAccess",
            "role": "k8s-worker1-node-ec2-role"
          },
          "private": "bnVsbA==",
          "dependencies": [
            "aws_key_pair.generated_key",
            "aws_security_group.ec2_sg",
            "module.master.aws_iam_instance_profile.this",
            "module.master.aws_iam_role.ec2_instance_role",
            "module.master.aws_iam_role_policy_attachment.ec2_attach_policy",
            "module.master.aws_instance.this",
            "module.worker_1.aws_iam_role.ec2_instance_role",
            "tls_private_key.ssh_key"
          ]
        }
      ]
    },
    {
      "module": "module.worker_1",
      "mode": "managed",
      "type": "aws_instance",
      "name": "this",
      "provider": "provider[\"registry.terraform.io/hashicorp/aws\"]",
      "instances": [
        {
          "schema_version": 2,
          "attributes": {
            "ami": "ami-020cba7c55df1f615",
            "arn": "arn:aws:ec2:us-east-1:723622210284:instance/i-060dbeefd47f25f68",
            "associate_public_ip_address": true,
            "availability_zone": "us-east-1d",
            "capacity_reservation_specification": [
              {
                "capacity_reservation_preference": "open",
                "capacity_reservation_target": []
              }
            ],
            "cpu_options": [
              {
                "amd_sev_snp": "",
                "core_count": 1,
                "threads_per_core": 2
              }
            ],
            "credit_specification": [
              {
                "cpu_credits": "unlimited"
              }
            ],
            "disable_api_stop": false,
            "disable_api_termination": false,
            "ebs_block_device": [],
            "ebs_optimized": false,
            "enable_primary_ipv6": null,
            "enclave_options": [
              {
                "enabled": false
              }
            ],
            "ephemeral_block_device": [],
            "get_password_data": false,
            "hibernation": false,
            "host_id": "",
            "host_resource_group_arn": null,
            "iam_instance_profile": "k8s-worker1-node-ec2-profile",
            "id": "i-060dbeefd47f25f68",
            "instance_initiated_shutdown_behavior": "stop",
            "instance_lifecycle": "",
            "instance_market_options": [],
            "instance_state": "running",
            "instance_type": "t3a.medium",
            "ipv6_address_count": 0,
            "ipv6_addresses": [],
            "key_name": "devops-keypem-ansible",
            "launch_template": [],
            "maintenance_options": [
              {
                "auto_recovery": "default"
              }
            ],
            "metadata_options": [
              {
                "http_endpoint": "enabled",
                "http_protocol_ipv6": "disabled",
                "http_put_response_hop_limit": 2,
                "http_tokens": "required",
                "instance_metadata_tags": "disabled"
              }
            ],
            "monitoring": false,
            "network_interface": [],
            "outpost_arn": "",
            "password_data": "",
            "placement_group": "",
            "placement_partition_number": 0,
            "primary_network_interface_id": "eni-0d77ff3ba39a36251",
            "private_dns": "ip-172-31-85-239.ec2.internal",
            "private_dns_name_options": [
              {
                "enable_resource_name_dns_a_record": false,
                "enable_resource_name_dns_aaaa_record": false,
                "hostname_type": "ip-name"
              }
            ],
            "private_ip": "172.31.85.239",
            "public_dns": "ec2-44-201-157-223.compute-1.amazonaws.com",
            "public_ip": "44.201.157.223",
            "region": "us-east-1",
            "root_block_device": [
              {
                "delete_on_termination": true,
                "device_name": "/dev/sda1",
                "encrypted": false,
                "iops": 3000,
                "kms_key_id": "",
                "tags": {},
                "tags_all": {},
                "throughput": 125,
                "volume_id": "vol-09302765463ebbcaa",
                "volume_size": 100,
                "volume_type": "gp3"
              }
            ],
            "secondary_private_ips": [],
            "security_groups": [
              "K8S-CLUSTER-sg"
            ],
            "source_dest_check": true,
            "spot_instance_request_id": "",
            "subnet_id": "subnet-0f4853a7a6ad3be85",
            "tags": {
              "Id": "1",
              "Name": "k8s-worker1-node-ec2",
              "Project": "tera-kube-ans",
              "Role": "worker",
              "environment": "dev",
              "name": "worker-1"
            },
            "tags_all": {
              "Id": "1",
              "Name": "k8s-worker1-node-ec2",
              "Project": "tera-kube-ans",
              "Role": "worker",
              "environment": "dev",
              "name": "worker-1"
            },
            "tenancy": "default",
            "timeouts": null,
            "user_data": "#!/bin/bash\nset -euxo pipefail\n\n# 1. Hostname\nhostnamectl set-hostname k8s-worker-1\n\n# 2. Kernel modülleri ve sysctl ayarları\nmodprobe overlay\nmodprobe br_netfilter\n\ncat \u003c\u003cEOF | tee /etc/modules-load.d/k8s.conf\noverlay\nbr_netfilter\nEOF\n\ncat \u003c\u003cEOF | tee /etc/sysctl.d/k8s.conf\nnet.bridge.bridge-nf-call-iptables  = 1\nnet.bridge.bridge-nf-call-ip6tables = 1\nnet.ipv4.ip_forward                 = 1\nEOF\n\nsysctl --system\n\n# 3. Swap kapatma\nswapoff -a\nsed -i '/ swap / s/^\\(.*\\)$/#\\1/g' /etc/fstab\n\n# 4. Containerd kurulumu\ncurl -fsSL https://download.docker.com/linux/ubuntu/gpg | gpg --dearmor -o /usr/share/keyrings/docker.gpg\necho \"deb [arch=$(dpkg --print-architecture) signed-by=/usr/share/keyrings/docker.gpg] https://download.docker.com/linux/ubuntu $(lsb_release -cs) stable\" | tee /etc/apt/sources.list.d/docker.list \u003e /dev/null\n\napt update\napt install -y containerd.io\n\nsystemctl daemon-reexec\nsystemctl enable --now containerd\n\nmkdir -p /etc/containerd\ncontainerd config default | tee /etc/containerd/config.toml\n\n# SystemdCgroup true yapılır\nsed -i 's/SystemdCgroup = false/SystemdCgroup = true/' /etc/containerd/config.toml\n\nsystemctl restart containerd\n\n# 5. Kubeadm, Kubelet, Kubectl kurulumu\napt-get update\napt-get install -y apt-transport-https ca-certificates curl\n\nmkdir -p /etc/apt/keyrings\ncurl -fsSL https://pkgs.k8s.io/core:/stable:/v1.32/deb/Release.key | gpg --dearmor -o /etc/apt/keyrings/kubernetes-apt-keyring.gpg\n\necho 'deb [signed-by=/etc/apt/keyrings/kubernetes-apt-keyring.gpg] https://pkgs.k8s.io/core:/stable:/v1.32/deb/ /' | tee /etc/apt/sources.list.d/kubernetes.list\n\napt-get update\napt-get install -y kubelet kubeadm kubectl\napt-mark hold kubelet kubeadm kubectl\n",
            "user_data_base64": null,
            "user_data_replace_on_change": false,
            "volume_tags": null,
            "vpc_security_group_ids": [
              "sg-0fd3680b06b7bb5eb"
            ]
          },
          "sensitive_attributes": [],
          "identity_schema_version": 0,
          "private": "eyJlMmJmYjczMC1lY2FhLTExZTYtOGY4OC0zNDM2M2JjN2M0YzAiOnsiY3JlYXRlIjo2MDAwMDAwMDAwMDAsImRlbGV0ZSI6MTIwMDAwMDAwMDAwMCwicmVhZCI6OTAwMDAwMDAwMDAwLCJ1cGRhdGUiOjYwMDAwMDAwMDAwMH0sInNjaGVtYV92ZXJzaW9uIjoiMiJ9",
          "dependencies": [
            "aws_key_pair.generated_key",
            "aws_security_group.ec2_sg",
            "module.master.aws_iam_instance_profile.this",
            "module.master.aws_iam_role.ec2_instance_role",
            "module.master.aws_iam_role_policy_attachment.ec2_attach_policy",
            "module.master.aws_instance.this",
            "module.worker_1.aws_iam_instance_profile.this",
            "module.worker_1.aws_iam_role.ec2_instance_role",
            "tls_private_key.ssh_key"
          ]
        }
      ]
    },
    {
      "module": "module.worker_2",
      "mode": "managed",
      "type": "aws_iam_instance_profile",
      "name": "this",
      "provider": "provider[\"registry.terraform.io/hashicorp/aws\"]",
      "instances": [
        {
          "schema_version": 0,
          "attributes": {
            "arn": "arn:aws:iam::723622210284:instance-profile/k8s-worker2-node-ec2-profile",
            "create_date": "2025-08-05T19:21:58Z",
            "id": "k8s-worker2-node-ec2-profile",
            "name": "k8s-worker2-node-ec2-profile",
            "name_prefix": "",
            "path": "/",
            "role": "k8s-worker2-node-ec2-role",
            "tags": {},
            "tags_all": {},
            "unique_id": "AIPA2Q6Z6VLWO7BHTEX77"
          },
          "sensitive_attributes": [],
          "identity_schema_version": 0,
          "private": "bnVsbA==",
          "dependencies": [
            "aws_key_pair.generated_key",
            "aws_security_group.ec2_sg",
            "module.master.aws_iam_instance_profile.this",
            "module.master.aws_iam_role.ec2_instance_role",
            "module.master.aws_iam_role_policy_attachment.ec2_attach_policy",
            "module.master.aws_instance.this",
            "module.worker_1.aws_iam_instance_profile.this",
            "module.worker_1.aws_iam_role.ec2_instance_role",
            "module.worker_1.aws_iam_role_policy_attachment.ec2_attach_policy",
            "module.worker_1.aws_instance.this",
            "module.worker_2.aws_iam_role.ec2_instance_role",
            "tls_private_key.ssh_key"
          ]
        }
      ]
    },
    {
      "module": "module.worker_2",
      "mode": "managed",
      "type": "aws_iam_role",
      "name": "ec2_instance_role",
      "provider": "provider[\"registry.terraform.io/hashicorp/aws\"]",
      "instances": [
        {
          "schema_version": 0,
          "attributes": {
            "arn": "arn:aws:iam::723622210284:role/k8s-worker2-node-ec2-role",
            "assume_role_policy": "{\"Statement\":[{\"Action\":\"sts:AssumeRole\",\"Effect\":\"Allow\",\"Principal\":{\"Service\":\"ec2.amazonaws.com\"}}],\"Version\":\"2012-10-17\"}",
            "create_date": "2025-08-05T19:21:58Z",
            "description": "",
            "force_detach_policies": false,
            "id": "k8s-worker2-node-ec2-role",
            "inline_policy": [],
            "managed_policy_arns": [
              "arn:aws:iam::aws:policy/AdministratorAccess"
            ],
            "max_session_duration": 3600,
            "name": "k8s-worker2-node-ec2-role",
            "name_prefix": "",
            "path": "/",
            "permissions_boundary": "",
            "tags": {},
            "tags_all": {},
            "unique_id": "AROA2Q6Z6VLWGJGV6TI5N"
          },
          "sensitive_attributes": [],
          "identity_schema_version": 0,
          "identity": {
            "account_id": "723622210284",
            "name": "k8s-worker2-node-ec2-role"
          },
          "private": "bnVsbA==",
          "dependencies": [
            "aws_key_pair.generated_key",
            "aws_security_group.ec2_sg",
            "module.master.aws_iam_instance_profile.this",
            "module.master.aws_iam_role.ec2_instance_role",
            "module.master.aws_iam_role_policy_attachment.ec2_attach_policy",
            "module.master.aws_instance.this",
            "module.worker_1.aws_iam_instance_profile.this",
            "module.worker_1.aws_iam_role.ec2_instance_role",
            "module.worker_1.aws_iam_role_policy_attachment.ec2_attach_policy",
            "module.worker_1.aws_instance.this",
            "tls_private_key.ssh_key"
          ]
        }
      ]
    },
    {
      "module": "module.worker_2",
      "mode": "managed",
      "type": "aws_iam_role_policy_attachment",
      "name": "ec2_attach_policy",
      "provider": "provider[\"registry.terraform.io/hashicorp/aws\"]",
      "instances": [
        {
          "schema_version": 0,
          "attributes": {
            "id": "k8s-worker2-node-ec2-role/arn:aws:iam::aws:policy/AdministratorAccess",
            "policy_arn": "arn:aws:iam::aws:policy/AdministratorAccess",
            "role": "k8s-worker2-node-ec2-role"
          },
          "sensitive_attributes": [],
          "identity_schema_version": 0,
          "identity": {
            "account_id": "723622210284",
            "policy_arn": "arn:aws:iam::aws:policy/AdministratorAccess",
            "role": "k8s-worker2-node-ec2-role"
          },
          "private": "bnVsbA==",
          "dependencies": [
            "aws_key_pair.generated_key",
            "aws_security_group.ec2_sg",
            "module.master.aws_iam_instance_profile.this",
            "module.master.aws_iam_role.ec2_instance_role",
            "module.master.aws_iam_role_policy_attachment.ec2_attach_policy",
            "module.master.aws_instance.this",
            "module.worker_1.aws_iam_instance_profile.this",
            "module.worker_1.aws_iam_role.ec2_instance_role",
            "module.worker_1.aws_iam_role_policy_attachment.ec2_attach_policy",
            "module.worker_1.aws_instance.this",
            "module.worker_2.aws_iam_role.ec2_instance_role",
            "tls_private_key.ssh_key"
          ]
        }
      ]
    },
    {
      "module": "module.worker_2",
      "mode": "managed",
      "type": "aws_instance",
      "name": "this",
      "provider": "provider[\"registry.terraform.io/hashicorp/aws\"]",
      "instances": [
        {
          "schema_version": 2,
          "attributes": {
            "ami": "ami-020cba7c55df1f615",
            "arn": "arn:aws:ec2:us-east-1:723622210284:instance/i-09305f4d7ed86b845",
            "associate_public_ip_address": true,
            "availability_zone": "us-east-1d",
            "capacity_reservation_specification": [
              {
                "capacity_reservation_preference": "open",
                "capacity_reservation_target": []
              }
            ],
            "cpu_options": [
              {
                "amd_sev_snp": "",
                "core_count": 1,
                "threads_per_core": 2
              }
            ],
            "credit_specification": [
              {
                "cpu_credits": "unlimited"
              }
            ],
            "disable_api_stop": false,
            "disable_api_termination": false,
            "ebs_block_device": [],
            "ebs_optimized": false,
            "enable_primary_ipv6": null,
            "enclave_options": [
              {
                "enabled": false
              }
            ],
            "ephemeral_block_device": [],
            "get_password_data": false,
            "hibernation": false,
            "host_id": "",
            "host_resource_group_arn": null,
            "iam_instance_profile": "k8s-worker2-node-ec2-profile",
            "id": "i-09305f4d7ed86b845",
            "instance_initiated_shutdown_behavior": "stop",
            "instance_lifecycle": "",
            "instance_market_options": [],
            "instance_state": "running",
            "instance_type": "t3a.medium",
            "ipv6_address_count": 0,
            "ipv6_addresses": [],
            "key_name": "devops-keypem-ansible",
            "launch_template": [],
            "maintenance_options": [
              {
                "auto_recovery": "default"
              }
            ],
            "metadata_options": [
              {
                "http_endpoint": "enabled",
                "http_protocol_ipv6": "disabled",
                "http_put_response_hop_limit": 2,
                "http_tokens": "required",
                "instance_metadata_tags": "disabled"
              }
            ],
            "monitoring": false,
            "network_interface": [],
            "outpost_arn": "",
            "password_data": "",
            "placement_group": "",
            "placement_partition_number": 0,
            "primary_network_interface_id": "eni-03034d1d372e1c410",
            "private_dns": "ip-172-31-83-130.ec2.internal",
            "private_dns_name_options": [
              {
                "enable_resource_name_dns_a_record": false,
                "enable_resource_name_dns_aaaa_record": false,
                "hostname_type": "ip-name"
              }
            ],
            "private_ip": "172.31.83.130",
            "public_dns": "ec2-52-87-208-28.compute-1.amazonaws.com",
            "public_ip": "52.87.208.28",
            "region": "us-east-1",
            "root_block_device": [
              {
                "delete_on_termination": true,
                "device_name": "/dev/sda1",
                "encrypted": false,
                "iops": 3000,
                "kms_key_id": "",
                "tags": {},
                "tags_all": {},
                "throughput": 125,
                "volume_id": "vol-0a357558c7fecfb16",
                "volume_size": 100,
                "volume_type": "gp3"
              }
            ],
            "secondary_private_ips": [],
            "security_groups": [
              "K8S-CLUSTER-sg"
            ],
            "source_dest_check": true,
            "spot_instance_request_id": "",
            "subnet_id": "subnet-0f4853a7a6ad3be85",
            "tags": {
              "Id": "2",
              "Name": "k8s-worker2-node-ec2",
              "Project": "tera-kube-ans",
              "Role": "worker",
              "environment": "dev",
              "name": "worker-2"
            },
            "tags_all": {
              "Id": "2",
              "Name": "k8s-worker2-node-ec2",
              "Project": "tera-kube-ans",
              "Role": "worker",
              "environment": "dev",
              "name": "worker-2"
            },
            "tenancy": "default",
            "timeouts": null,
            "user_data": "#!/bin/bash\nset -euxo pipefail\n\n# 1. Hostname\nhostnamectl set-hostname k8s-worker-2\n\n# 2. Kernel modülleri ve sysctl ayarları\nmodprobe overlay\nmodprobe br_netfilter\n\ncat \u003c\u003cEOF | tee /etc/modules-load.d/k8s.conf\noverlay\nbr_netfilter\nEOF\n\ncat \u003c\u003cEOF | tee /etc/sysctl.d/k8s.conf\nnet.bridge.bridge-nf-call-iptables  = 1\nnet.bridge.bridge-nf-call-ip6tables = 1\nnet.ipv4.ip_forward                 = 1\nEOF\n\nsysctl --system\n\n# 3. Swap kapatma\nswapoff -a\nsed -i '/ swap / s/^\\(.*\\)$/#\\1/g' /etc/fstab\n\n# 4. Containerd kurulumu\ncurl -fsSL https://download.docker.com/linux/ubuntu/gpg | gpg --dearmor -o /usr/share/keyrings/docker.gpg\necho \"deb [arch=$(dpkg --print-architecture) signed-by=/usr/share/keyrings/docker.gpg] https://download.docker.com/linux/ubuntu $(lsb_release -cs) stable\" | tee /etc/apt/sources.list.d/docker.list \u003e /dev/null\n\napt update\napt install -y containerd.io\n\nsystemctl daemon-reexec\nsystemctl enable --now containerd\n\nmkdir -p /etc/containerd\ncontainerd config default | tee /etc/containerd/config.toml\n\n# SystemdCgroup true yapılır\nsed -i 's/SystemdCgroup = false/SystemdCgroup = true/' /etc/containerd/config.toml\n\nsystemctl restart containerd\n\n# 5. Kubeadm, Kubelet, Kubectl kurulumu\napt-get update\napt-get install -y apt-transport-https ca-certificates curl\n\nmkdir -p /etc/apt/keyrings\ncurl -fsSL https://pkgs.k8s.io/core:/stable:/v1.32/deb/Release.key | gpg --dearmor -o /etc/apt/keyrings/kubernetes-apt-keyring.gpg\n\necho 'deb [signed-by=/etc/apt/keyrings/kubernetes-apt-keyring.gpg] https://pkgs.k8s.io/core:/stable:/v1.32/deb/ /' | tee /etc/apt/sources.list.d/kubernetes.list\n\napt-get update\napt-get install -y kubelet kubeadm kubectl\napt-mark hold kubelet kubeadm kubectl\n",
            "user_data_base64": null,
            "user_data_replace_on_change": false,
            "volume_tags": null,
            "vpc_security_group_ids": [
              "sg-0fd3680b06b7bb5eb"
            ]
          },
          "sensitive_attributes": [],
          "identity_schema_version": 0,
          "private": "eyJlMmJmYjczMC1lY2FhLTExZTYtOGY4OC0zNDM2M2JjN2M0YzAiOnsiY3JlYXRlIjo2MDAwMDAwMDAwMDAsImRlbGV0ZSI6MTIwMDAwMDAwMDAwMCwicmVhZCI6OTAwMDAwMDAwMDAwLCJ1cGRhdGUiOjYwMDAwMDAwMDAwMH0sInNjaGVtYV92ZXJzaW9uIjoiMiJ9",
          "dependencies": [
            "aws_key_pair.generated_key",
            "aws_security_group.ec2_sg",
            "module.master.aws_iam_instance_profile.this",
            "module.master.aws_iam_role.ec2_instance_role",
            "module.master.aws_iam_role_policy_attachment.ec2_attach_policy",
            "module.master.aws_instance.this",
            "module.worker_1.aws_iam_instance_profile.this",
            "module.worker_1.aws_iam_role.ec2_instance_role",
            "module.worker_1.aws_iam_role_policy_attachment.ec2_attach_policy",
            "module.worker_1.aws_instance.this",
            "module.worker_2.aws_iam_instance_profile.this",
            "module.worker_2.aws_iam_role.ec2_instance_role",
            "tls_private_key.ssh_key"
          ]
        }
      ]
    }
  ],
  "check_results": null
}
